
Microsoft Visual Studio Solution File, Format Version 12.00
# Visual Studio Version 16
VisualStudioVersion = 16.0.29306.81
MinimumVisualStudioVersion = 10.0.40219.1
Project("{9A19103F-16F7-4668-BE54-9A1E7A4F7556}") = "StarterViewComp", "StarterViewComp\StarterViewComp.csproj", "{910EDC8B-5AF9-4D7B-BB8A-A1E4EAB48CE7}"
EndProject
Global
	GlobalSection(SolutionConfigurationPlatforms) = preSolution
		Debug|Any CPU = Debug|Any CPU
		Release|Any CPU = Release|Any CPU
	EndGlobalSection
	GlobalSection(ProjectConfigurationPlatforms) = postSolution
		{910EDC8B-5AF9-4D7B-BB8A-A1E4EAB48CE7}.Debug|Any CPU.ActiveCfg = Debug|Any CPU
		{910EDC8B-5AF9-4D7B-BB8A-A1E4EAB48CE7}.Debug|Any CPU.Build.0 = Debug|Any CPU
		{910EDC8B-5AF9-4D7B-BB8A-A1E4EAB48CE7}.Release|Any CPU.ActiveCfg = Release|Any CPU
		{910EDC8B-5AF9-4D7B-BB8A-A1E4EAB48CE7}.Release|Any CPU.Build.0 = Release|Any CPU
	EndGlobalSection
	GlobalSection(SolutionProperties) = preSolution
		HideSolutionNode = FALSE
	EndGlobalSection
	GlobalSection(ExtensibilityGlobals) = postSolution
		SolutionGuid = {FF2F9DB0-DFB5-4A29-9D6F-CB9787B02BB3}
	EndGlobalSection
EndGlobal
